{
    "_meta": {
        "hash": {
            "sha256": "a54568e5ed92dcff3a19b76fe319b2c65264da363a707cabe9c243d235d534ca"
        },
        "pipfile-spec": 6,
        "requires": {
            "python_version": "3.10"
        },
        "sources": [
            {
                "name": "pypi",
                "url": "https://pypi.org/simple",
                "verify_ssl": true
            }
        ]
    },
    "default": {
        "python3-xlib": {
            "hashes": [
                "sha256:dc4245f3ae4aa5949c1d112ee4723901ade37a96721ba9645f2bfa56e5b383f8"
            ],
            "index": "pypi",
            "version": "==0.15"
        }
    },
    "develop": {}
}
